
Microsoft Visual Studio Solution File, Format Version 12.00
# Visual Studio 14
VisualStudioVersion = 14.0.25420.1
MinimumVisualStudioVersion = 10.0.40219.1
Project("{FAE04EC0-301F-11D3-BF4B-00C04F79EFBC}") = "CSharpTraining", "CSharpTraining.csproj", "{41FAAF07-2045-4794-9691-AA5689034101}"
EndProject
Project("{FAE04EC0-301F-11D3-BF4B-00C04F79EFBC}") = "CSharpTraining2", "..\CSharpTraining2\CSharpTraining2.csproj", "{A97E74C8-5C12-4A1D-904A-47FFF57991AB}"
EndProject
Project("{FAE04EC0-301F-11D3-BF4B-00C04F79EFBC}") = "ClassLibrary1", "..\ClassLibrary1\ClassLibrary1.csproj", "{C415D759-0DDB-42C1-BB0E-B97F4AC43C42}"
EndProject
Project("{FAE04EC0-301F-11D3-BF4B-00C04F79EFBC}") = "CSharpTraining3", "..\CSharpTraining3\CSharpTraining3.csproj", "{234BF014-57E6-4F6B-B20B-5CDAE15CAD47}"
EndProject
Project("{FAE04EC0-301F-11D3-BF4B-00C04F79EFBC}") = "Training3Library", "..\Training3Library\Training3Library.csproj", "{2B7E35BC-4A9F-4484-853C-7254E705C00C}"
EndProject
Global
	GlobalSection(SolutionConfigurationPlatforms) = preSolution
		Debug|Any CPU = Debug|Any CPU
		Release|Any CPU = Release|Any CPU
	EndGlobalSection
	GlobalSection(ProjectConfigurationPlatforms) = postSolution
		{41FAAF07-2045-4794-9691-AA5689034101}.Debug|Any CPU.ActiveCfg = Debug|Any CPU
		{41FAAF07-2045-4794-9691-AA5689034101}.Debug|Any CPU.Build.0 = Debug|Any CPU
		{41FAAF07-2045-4794-9691-AA5689034101}.Release|Any CPU.ActiveCfg = Release|Any CPU
		{41FAAF07-2045-4794-9691-AA5689034101}.Release|Any CPU.Build.0 = Release|Any CPU
		{A97E74C8-5C12-4A1D-904A-47FFF57991AB}.Debug|Any CPU.ActiveCfg = Debug|Any CPU
		{A97E74C8-5C12-4A1D-904A-47FFF57991AB}.Debug|Any CPU.Build.0 = Debug|Any CPU
		{A97E74C8-5C12-4A1D-904A-47FFF57991AB}.Release|Any CPU.ActiveCfg = Release|Any CPU
		{A97E74C8-5C12-4A1D-904A-47FFF57991AB}.Release|Any CPU.Build.0 = Release|Any CPU
		{C415D759-0DDB-42C1-BB0E-B97F4AC43C42}.Debug|Any CPU.ActiveCfg = Debug|Any CPU
		{C415D759-0DDB-42C1-BB0E-B97F4AC43C42}.Debug|Any CPU.Build.0 = Debug|Any CPU
		{C415D759-0DDB-42C1-BB0E-B97F4AC43C42}.Release|Any CPU.ActiveCfg = Release|Any CPU
		{C415D759-0DDB-42C1-BB0E-B97F4AC43C42}.Release|Any CPU.Build.0 = Release|Any CPU
		{234BF014-57E6-4F6B-B20B-5CDAE15CAD47}.Debug|Any CPU.ActiveCfg = Debug|Any CPU
		{234BF014-57E6-4F6B-B20B-5CDAE15CAD47}.Debug|Any CPU.Build.0 = Debug|Any CPU
		{234BF014-57E6-4F6B-B20B-5CDAE15CAD47}.Release|Any CPU.ActiveCfg = Release|Any CPU
		{234BF014-57E6-4F6B-B20B-5CDAE15CAD47}.Release|Any CPU.Build.0 = Release|Any CPU
		{2B7E35BC-4A9F-4484-853C-7254E705C00C}.Debug|Any CPU.ActiveCfg = Debug|Any CPU
		{2B7E35BC-4A9F-4484-853C-7254E705C00C}.Debug|Any CPU.Build.0 = Debug|Any CPU
		{2B7E35BC-4A9F-4484-853C-7254E705C00C}.Release|Any CPU.ActiveCfg = Release|Any CPU
		{2B7E35BC-4A9F-4484-853C-7254E705C00C}.Release|Any CPU.Build.0 = Release|Any CPU
	EndGlobalSection
	GlobalSection(SolutionProperties) = preSolution
		HideSolutionNode = FALSE
	EndGlobalSection
EndGlobal
